
Microsoft Visual Studio Solution File, Format Version 12.00
# Visual Studio Version 17
VisualStudioVersion = 17.9.34714.143
MinimumVisualStudioVersion = 10.0.40219.1
Project("{FAE04EC0-301F-11D3-BF4B-00C04F79EFBC}") = "Web.MeuPortifolio", "Web.MeuPortifolio\Web.MeuPortifolio.csproj", "{06BEB8C2-A22F-407B-8952-7F5D6EDB14A8}"
EndProject
Global
	GlobalSection(SolutionConfigurationPlatforms) = preSolution
		Debug|Any CPU = Debug|Any CPU
		Release|Any CPU = Release|Any CPU
	EndGlobalSection
	GlobalSection(ProjectConfigurationPlatforms) = postSolution
		{06BEB8C2-A22F-407B-8952-7F5D6EDB14A8}.Debug|Any CPU.ActiveCfg = Debug|Any CPU
		{06BEB8C2-A22F-407B-8952-7F5D6EDB14A8}.Debug|Any CPU.Build.0 = Debug|Any CPU
		{06BEB8C2-A22F-407B-8952-7F5D6EDB14A8}.Release|Any CPU.ActiveCfg = Release|Any CPU
		{06BEB8C2-A22F-407B-8952-7F5D6EDB14A8}.Release|Any CPU.Build.0 = Release|Any CPU
	EndGlobalSection
	GlobalSection(SolutionProperties) = preSolution
		HideSolutionNode = FALSE
	EndGlobalSection
	GlobalSection(ExtensibilityGlobals) = postSolution
		SolutionGuid = {3AB4549D-8D94-452F-9DCB-3388DF5B9F69}
	EndGlobalSection
EndGlobal
